// !$*UTF8*$!
{
	archiveVersion = 1;
	classes = {
	};
	objectVersion = 46;
	objects = {

/* Begin PBXBuildFile section */
		17898F428066BC4507EA38D0 /* Pods_RoyalCrown.framework in Frameworks */ = {isa = PBXBuildFile; fileRef = 54F803E342502CB67194EBDF /* Pods_RoyalCrown.framework */; };
		240D3D828DD6E4D223B111C1 /* Pods_RoyalCrownTests.framework in Frameworks */ = {isa = PBXBuildFile; fileRef = BAF1A4BC42CE75FA03A26A2E /* Pods_RoyalCrownTests.framework */; };
		24BA06A17E5DCB6598A60CE0 /* Pods_RoyalCrownUITests.framework in Frameworks */ = {isa = PBXBuildFile; fileRef = 258F73698DF68DF4177C4685 /* Pods_RoyalCrownUITests.framework */; };
		562540371F10B29C00C38A0C /* MainCell.swift in Sources */ = {isa = PBXBuildFile; fileRef = 562540351F10B29C00C38A0C /* MainCell.swift */; };
		562540381F10B29C00C38A0C /* MainCell.xib in Resources */ = {isa = PBXBuildFile; fileRef = 562540361F10B29C00C38A0C /* MainCell.xib */; };
		562540401F10BE0400C38A0C /* PhotoCell.swift in Sources */ = {isa = PBXBuildFile; fileRef = 5625403E1F10BE0400C38A0C /* PhotoCell.swift */; };
		562540411F10BE0400C38A0C /* PhotoCell.xib in Resources */ = {isa = PBXBuildFile; fileRef = 5625403F1F10BE0400C38A0C /* PhotoCell.xib */; };
		56C4A4381F0AA80D008E9867 /* AppDelegate.swift in Sources */ = {isa = PBXBuildFile; fileRef = 56C4A4371F0AA80D008E9867 /* AppDelegate.swift */; };
		56C4A43D1F0AA80D008E9867 /* Main.storyboard in Resources */ = {isa = PBXBuildFile; fileRef = 56C4A43B1F0AA80D008E9867 /* Main.storyboard */; };
		56C4A43F1F0AA80D008E9867 /* Assets.xcassets in Resources */ = {isa = PBXBuildFile; fileRef = 56C4A43E1F0AA80D008E9867 /* Assets.xcassets */; };
		56C4A4421F0AA80D008E9867 /* LaunchScreen.storyboard in Resources */ = {isa = PBXBuildFile; fileRef = 56C4A4401F0AA80D008E9867 /* LaunchScreen.storyboard */; };
		56C4A44D1F0AA80D008E9867 /* RoyalCrownTests.swift in Sources */ = {isa = PBXBuildFile; fileRef = 56C4A44C1F0AA80D008E9867 /* RoyalCrownTests.swift */; };
		56C4A4581F0AA80D008E9867 /* RoyalCrownUITests.swift in Sources */ = {isa = PBXBuildFile; fileRef = 56C4A4571F0AA80D008E9867 /* RoyalCrownUITests.swift */; };
		56C4A4661F0AACE3008E9867 /* HomeScreenViewController.swift in Sources */ = {isa = PBXBuildFile; fileRef = 56C4A4651F0AACE3008E9867 /* HomeScreenViewController.swift */; };
		56C4A46D1F0ABD5C008E9867 /* Constants.swift in Sources */ = {isa = PBXBuildFile; fileRef = 56C4A46C1F0ABD5C008E9867 /* Constants.swift */; };
		56C4A4711F0B5333008E9867 /* RoyalAssistViewController.swift in Sources */ = {isa = PBXBuildFile; fileRef = 56C4A4701F0B5333008E9867 /* RoyalAssistViewController.swift */; };
		56C4A4761F0C18E7008E9867 /* AlertHelper.swift in Sources */ = {isa = PBXBuildFile; fileRef = 56C4A4751F0C18E7008E9867 /* AlertHelper.swift */; };
		56C4A4791F0C9319008E9867 /* AboutRoyalAssistViewController.swift in Sources */ = {isa = PBXBuildFile; fileRef = 56C4A4781F0C9319008E9867 /* AboutRoyalAssistViewController.swift */; };
		56C9EDA91F0C9CA10080A4D8 /* AccidentReportViewController.swift in Sources */ = {isa = PBXBuildFile; fileRef = 56C9EDA81F0C9CA10080A4D8 /* AccidentReportViewController.swift */; };
		56C9EDAB1F0CA52C0080A4D8 /* AccidentReportPhotoCell.swift in Sources */ = {isa = PBXBuildFile; fileRef = 56C9EDAA1F0CA52C0080A4D8 /* AccidentReportPhotoCell.swift */; };
		56C9EDAE1F0CE4560080A4D8 /* AboutViewController.swift in Sources */ = {isa = PBXBuildFile; fileRef = 56C9EDAD1F0CE4560080A4D8 /* AboutViewController.swift */; };
		56C9EDB11F0CFB0C0080A4D8 /* GoogleMapViewController.swift in Sources */ = {isa = PBXBuildFile; fileRef = 56C9EDB01F0CFB0C0080A4D8 /* GoogleMapViewController.swift */; };
		56C9EDB71F0DEE120080A4D8 /* CameraViewController.swift in Sources */ = {isa = PBXBuildFile; fileRef = 56C9EDB61F0DEE120080A4D8 /* CameraViewController.swift */; };
/* End PBXBuildFile section */

/* Begin PBXContainerItemProxy section */
		56C4A4491F0AA80D008E9867 /* PBXContainerItemProxy */ = {
			isa = PBXContainerItemProxy;
			containerPortal = 56C4A42C1F0AA80D008E9867 /* Project object */;
			proxyType = 1;
			remoteGlobalIDString = 56C4A4331F0AA80D008E9867;
			remoteInfo = RoyalCrown;
		};
		56C4A4541F0AA80D008E9867 /* PBXContainerItemProxy */ = {
			isa = PBXContainerItemProxy;
			containerPortal = 56C4A42C1F0AA80D008E9867 /* Project object */;
			proxyType = 1;
			remoteGlobalIDString = 56C4A4331F0AA80D008E9867;
			remoteInfo = RoyalCrown;
		};
/* End PBXContainerItemProxy section */

/* Begin PBXFileReference section */
		22B0C1CCE5A67944D1419994 /* Pods-RoyalCrown.debug.xcconfig */ = {isa = PBXFileReference; includeInIndex = 1; lastKnownFileType = text.xcconfig; name = "Pods-RoyalCrown.debug.xcconfig"; path = "Pods/Target Support Files/Pods-RoyalCrown/Pods-RoyalCrown.debug.xcconfig"; sourceTree = "<group>"; };
		258F73698DF68DF4177C4685 /* Pods_RoyalCrownUITests.framework */ = {isa = PBXFileReference; explicitFileType = wrapper.framework; includeInIndex = 0; path = Pods_RoyalCrownUITests.framework; sourceTree = BUILT_PRODUCTS_DIR; };
		54F803E342502CB67194EBDF /* Pods_RoyalCrown.framework */ = {isa = PBXFileReference; explicitFileType = wrapper.framework; includeInIndex = 0; path = Pods_RoyalCrown.framework; sourceTree = BUILT_PRODUCTS_DIR; };
		562540351F10B29C00C38A0C /* MainCell.swift */ = {isa = PBXFileReference; fileEncoding = 4; lastKnownFileType = sourcecode.swift; name = MainCell.swift; path = HomeScreenViewController/MainCell.swift; sourceTree = "<group>"; };
		562540361F10B29C00C38A0C /* MainCell.xib */ = {isa = PBXFileReference; fileEncoding = 4; lastKnownFileType = file.xib; name = MainCell.xib; path = HomeScreenViewController/MainCell.xib; sourceTree = "<group>"; };
		5625403E1F10BE0400C38A0C /* PhotoCell.swift */ = {isa = PBXFileReference; fileEncoding = 4; lastKnownFileType = sourcecode.swift; name = PhotoCell.swift; path = Cells/PhotoCell.swift; sourceTree = "<group>"; };
		5625403F1F10BE0400C38A0C /* PhotoCell.xib */ = {isa = PBXFileReference; fileEncoding = 4; lastKnownFileType = file.xib; name = PhotoCell.xib; path = Cells/PhotoCell.xib; sourceTree = "<group>"; };
		56C4A4341F0AA80D008E9867 /* RoyalCrown.app */ = {isa = PBXFileReference; explicitFileType = wrapper.application; includeInIndex = 0; path = RoyalCrown.app; sourceTree = BUILT_PRODUCTS_DIR; };
		56C4A4371F0AA80D008E9867 /* AppDelegate.swift */ = {isa = PBXFileReference; lastKnownFileType = sourcecode.swift; path = AppDelegate.swift; sourceTree = "<group>"; };
		56C4A43C1F0AA80D008E9867 /* Base */ = {isa = PBXFileReference; lastKnownFileType = file.storyboard; name = Base; path = Base.lproj/Main.storyboard; sourceTree = "<group>"; };
		56C4A43E1F0AA80D008E9867 /* Assets.xcassets */ = {isa = PBXFileReference; lastKnownFileType = folder.assetcatalog; path = Assets.xcassets; sourceTree = "<group>"; };
		56C4A4411F0AA80D008E9867 /* Base */ = {isa = PBXFileReference; lastKnownFileType = file.storyboard; name = Base; path = Base.lproj/LaunchScreen.storyboard; sourceTree = "<group>"; };
		56C4A4431F0AA80D008E9867 /* Info.plist */ = {isa = PBXFileReference; lastKnownFileType = text.plist.xml; path = Info.plist; sourceTree = "<group>"; };
		56C4A4481F0AA80D008E9867 /* RoyalCrownTests.xctest */ = {isa = PBXFileReference; explicitFileType = wrapper.cfbundle; includeInIndex = 0; path = RoyalCrownTests.xctest; sourceTree = BUILT_PRODUCTS_DIR; };
		56C4A44C1F0AA80D008E9867 /* RoyalCrownTests.swift */ = {isa = PBXFileReference; lastKnownFileType = sourcecode.swift; path = RoyalCrownTests.swift; sourceTree = "<group>"; };
		56C4A44E1F0AA80D008E9867 /* Info.plist */ = {isa = PBXFileReference; lastKnownFileType = text.plist.xml; path = Info.plist; sourceTree = "<group>"; };
		56C4A4531F0AA80D008E9867 /* RoyalCrownUITests.xctest */ = {isa = PBXFileReference; explicitFileType = wrapper.cfbundle; includeInIndex = 0; path = RoyalCrownUITests.xctest; sourceTree = BUILT_PRODUCTS_DIR; };
		56C4A4571F0AA80D008E9867 /* RoyalCrownUITests.swift */ = {isa = PBXFileReference; lastKnownFileType = sourcecode.swift; path = RoyalCrownUITests.swift; sourceTree = "<group>"; };
		56C4A4591F0AA80D008E9867 /* Info.plist */ = {isa = PBXFileReference; lastKnownFileType = text.plist.xml; path = Info.plist; sourceTree = "<group>"; };
		56C4A4651F0AACE3008E9867 /* HomeScreenViewController.swift */ = {isa = PBXFileReference; fileEncoding = 4; lastKnownFileType = sourcecode.swift; name = HomeScreenViewController.swift; path = HomeScreenViewController/HomeScreenViewController.swift; sourceTree = "<group>"; };
		56C4A46C1F0ABD5C008E9867 /* Constants.swift */ = {isa = PBXFileReference; fileEncoding = 4; lastKnownFileType = sourcecode.swift; name = Constants.swift; path = OtherClass/Constants.swift; sourceTree = "<group>"; };
		56C4A4701F0B5333008E9867 /* RoyalAssistViewController.swift */ = {isa = PBXFileReference; fileEncoding = 4; lastKnownFileType = sourcecode.swift; name = RoyalAssistViewController.swift; path = RoyalAssistViewController/RoyalAssistViewController.swift; sourceTree = "<group>"; };
		56C4A4751F0C18E7008E9867 /* AlertHelper.swift */ = {isa = PBXFileReference; fileEncoding = 4; lastKnownFileType = sourcecode.swift; name = AlertHelper.swift; path = OtherClass/AlertHelper.swift; sourceTree = "<group>"; };
		56C4A4781F0C9319008E9867 /* AboutRoyalAssistViewController.swift */ = {isa = PBXFileReference; fileEncoding = 4; lastKnownFileType = sourcecode.swift; name = AboutRoyalAssistViewController.swift; path = AboutRoyalAssist/AboutRoyalAssistViewController.swift; sourceTree = "<group>"; };
		56C9EDA81F0C9CA10080A4D8 /* AccidentReportViewController.swift */ = {isa = PBXFileReference; fileEncoding = 4; lastKnownFileType = sourcecode.swift; name = AccidentReportViewController.swift; path = AccidentReportVC/AccidentReportViewController.swift; sourceTree = "<group>"; };
		56C9EDAA1F0CA52C0080A4D8 /* AccidentReportPhotoCell.swift */ = {isa = PBXFileReference; fileEncoding = 4; lastKnownFileType = sourcecode.swift; name = AccidentReportPhotoCell.swift; path = AccidentReportVC/AccidentReportPhotoCell.swift; sourceTree = "<group>"; };
		56C9EDAD1F0CE4560080A4D8 /* AboutViewController.swift */ = {isa = PBXFileReference; fileEncoding = 4; lastKnownFileType = sourcecode.swift; name = AboutViewController.swift; path = AboutVC/AboutViewController.swift; sourceTree = "<group>"; };
		56C9EDB01F0CFB0C0080A4D8 /* GoogleMapViewController.swift */ = {isa = PBXFileReference; fileEncoding = 4; lastKnownFileType = sourcecode.swift; name = GoogleMapViewController.swift; path = GoogleMapVC/GoogleMapViewController.swift; sourceTree = "<group>"; };
		56C9EDB61F0DEE120080A4D8 /* CameraViewController.swift */ = {isa = PBXFileReference; fileEncoding = 4; lastKnownFileType = sourcecode.swift; name = CameraViewController.swift; path = CameraVC/CameraViewController.swift; sourceTree = "<group>"; };
		9A4ECE6D6FE725CF77F3423B /* Pods-RoyalCrownUITests.release.xcconfig */ = {isa = PBXFileReference; includeInIndex = 1; lastKnownFileType = text.xcconfig; name = "Pods-RoyalCrownUITests.release.xcconfig"; path = "Pods/Target Support Files/Pods-RoyalCrownUITests/Pods-RoyalCrownUITests.release.xcconfig"; sourceTree = "<group>"; };
		A3BBDE6B54561FF60EAFF01A /* Pods-RoyalCrownUITests.debug.xcconfig */ = {isa = PBXFileReference; includeInIndex = 1; lastKnownFileType = text.xcconfig; name = "Pods-RoyalCrownUITests.debug.xcconfig"; path = "Pods/Target Support Files/Pods-RoyalCrownUITests/Pods-RoyalCrownUITests.debug.xcconfig"; sourceTree = "<group>"; };
		AE9BCBA24F067103ECE830A2 /* Pods-RoyalCrown.release.xcconfig */ = {isa = PBXFileReference; includeInIndex = 1; lastKnownFileType = text.xcconfig; name = "Pods-RoyalCrown.release.xcconfig"; path = "Pods/Target Support Files/Pods-RoyalCrown/Pods-RoyalCrown.release.xcconfig"; sourceTree = "<group>"; };
		B6EF5EFEB239C2815E6DE03F /* Pods-RoyalCrownTests.release.xcconfig */ = {isa = PBXFileReference; includeInIndex = 1; lastKnownFileType = text.xcconfig; name = "Pods-RoyalCrownTests.release.xcconfig"; path = "Pods/Target Support Files/Pods-RoyalCrownTests/Pods-RoyalCrownTests.release.xcconfig"; sourceTree = "<group>"; };
		BAF1A4BC42CE75FA03A26A2E /* Pods_RoyalCrownTests.framework */ = {isa = PBXFileReference; explicitFileType = wrapper.framework; includeInIndex = 0; path = Pods_RoyalCrownTests.framework; sourceTree = BUILT_PRODUCTS_DIR; };
		F226B0EF72784D2C715AC089 /* Pods-RoyalCrownTests.debug.xcconfig */ = {isa = PBXFileReference; includeInIndex = 1; lastKnownFileType = text.xcconfig; name = "Pods-RoyalCrownTests.debug.xcconfig"; path = "Pods/Target Support Files/Pods-RoyalCrownTests/Pods-RoyalCrownTests.debug.xcconfig"; sourceTree = "<group>"; };
/* End PBXFileReference section */

/* Begin PBXFrameworksBuildPhase section */
		56C4A4311F0AA80D008E9867 /* Frameworks */ = {
			isa = PBXFrameworksBuildPhase;
			buildActionMask = 2147483647;
			files = (
				17898F428066BC4507EA38D0 /* Pods_RoyalCrown.framework in Frameworks */,
			);
			runOnlyForDeploymentPostprocessing = 0;
		};
		56C4A4451F0AA80D008E9867 /* Frameworks */ = {
			isa = PBXFrameworksBuildPhase;
			buildActionMask = 2147483647;
			files = (
				240D3D828DD6E4D223B111C1 /* Pods_RoyalCrownTests.framework in Frameworks */,
			);
			runOnlyForDeploymentPostprocessing = 0;
		};
		56C4A4501F0AA80D008E9867 /* Frameworks */ = {
			isa = PBXFrameworksBuildPhase;
			buildActionMask = 2147483647;
			files = (
				24BA06A17E5DCB6598A60CE0 /* Pods_RoyalCrownUITests.framework in Frameworks */,
			);
			runOnlyForDeploymentPostprocessing = 0;
		};
/* End PBXFrameworksBuildPhase section */

/* Begin PBXGroup section */
		0B3208D50527B756D5364329 /* Frameworks */ = {
			isa = PBXGroup;
			children = (
				54F803E342502CB67194EBDF /* Pods_RoyalCrown.framework */,
				BAF1A4BC42CE75FA03A26A2E /* Pods_RoyalCrownTests.framework */,
				258F73698DF68DF4177C4685 /* Pods_RoyalCrownUITests.framework */,
			);
			name = Frameworks;
			sourceTree = "<group>";
		};
		562540391F10B94700C38A0C /* Cells */ = {
			isa = PBXGroup;
			children = (
				5625403B1F10B96800C38A0C /* PhotoCell */,
				5625403A1F10B95600C38A0C /* MainCell */,
			);
			name = Cells;
			sourceTree = "<group>";
		};
		5625403A1F10B95600C38A0C /* MainCell */ = {
			isa = PBXGroup;
			children = (
				562540351F10B29C00C38A0C /* MainCell.swift */,
				562540361F10B29C00C38A0C /* MainCell.xib */,
			);
			name = MainCell;
			sourceTree = "<group>";
		};
		5625403B1F10B96800C38A0C /* PhotoCell */ = {
			isa = PBXGroup;
			children = (
				5625403E1F10BE0400C38A0C /* PhotoCell.swift */,
				5625403F1F10BE0400C38A0C /* PhotoCell.xib */,
			);
			name = PhotoCell;
			sourceTree = "<group>";
		};
		56C4A42B1F0AA80D008E9867 = {
			isa = PBXGroup;
			children = (
				56C4A4361F0AA80D008E9867 /* RoyalCrown */,
				56C4A44B1F0AA80D008E9867 /* RoyalCrownTests */,
				56C4A4561F0AA80D008E9867 /* RoyalCrownUITests */,
				56C4A4351F0AA80D008E9867 /* Products */,
				6D29105286458112BA27AF68 /* Pods */,
				0B3208D50527B756D5364329 /* Frameworks */,
			);
			sourceTree = "<group>";
		};
		56C4A4351F0AA80D008E9867 /* Products */ = {
			isa = PBXGroup;
			children = (
				56C4A4341F0AA80D008E9867 /* RoyalCrown.app */,
				56C4A4481F0AA80D008E9867 /* RoyalCrownTests.xctest */,
				56C4A4531F0AA80D008E9867 /* RoyalCrownUITests.xctest */,
			);
			name = Products;
			sourceTree = "<group>";
		};
		56C4A4361F0AA80D008E9867 /* RoyalCrown */ = {
			isa = PBXGroup;
			children = (
				562540391F10B94700C38A0C /* Cells */,
				56C4A46E1F0ABD69008E9867 /* OtherClasses */,
				56C9EDB21F0D17480080A4D8 /* Views */,
				56C4A4681F0AAD0C008E9867 /* ViewControllers */,
				56C4A4371F0AA80D008E9867 /* AppDelegate.swift */,
				56C4A43B1F0AA80D008E9867 /* Main.storyboard */,
				56C4A4671F0AACF6008E9867 /* Other */,
			);
			path = RoyalCrown;
			sourceTree = "<group>";
		};
		56C4A44B1F0AA80D008E9867 /* RoyalCrownTests */ = {
			isa = PBXGroup;
			children = (
				56C4A44C1F0AA80D008E9867 /* RoyalCrownTests.swift */,
				56C4A44E1F0AA80D008E9867 /* Info.plist */,
			);
			path = RoyalCrownTests;
			sourceTree = "<group>";
		};
		56C4A4561F0AA80D008E9867 /* RoyalCrownUITests */ = {
			isa = PBXGroup;
			children = (
				56C4A4571F0AA80D008E9867 /* RoyalCrownUITests.swift */,
				56C4A4591F0AA80D008E9867 /* Info.plist */,
			);
			path = RoyalCrownUITests;
			sourceTree = "<group>";
		};
		56C4A4671F0AACF6008E9867 /* Other */ = {
			isa = PBXGroup;
			children = (
				56C4A43E1F0AA80D008E9867 /* Assets.xcassets */,
				56C4A4401F0AA80D008E9867 /* LaunchScreen.storyboard */,
				56C4A4431F0AA80D008E9867 /* Info.plist */,
			);
			name = Other;
			sourceTree = "<group>";
		};
		56C4A4681F0AAD0C008E9867 /* ViewControllers */ = {
			isa = PBXGroup;
			children = (
				56C9EDB51F0DEDF30080A4D8 /* CameraVC */,
				56C9EDAF1F0CFAE30080A4D8 /* GoogleMapVC */,
				56C9EDAC1F0CE4370080A4D8 /* AboutVC */,
				56C9EDA71F0C9C6C0080A4D8 /* AccidentReportVC */,
				56C4A4771F0C92E2008E9867 /* AboutRoyalAssistVC */,
				56C4A46F1F0B52E8008E9867 /* RoyalAssistVC */,
				56C4A4691F0AB619008E9867 /* HomeVC */,
			);
			name = ViewControllers;
			sourceTree = "<group>";
		};
		56C4A4691F0AB619008E9867 /* HomeVC */ = {
			isa = PBXGroup;
			children = (
				56C4A4651F0AACE3008E9867 /* HomeScreenViewController.swift */,
			);
			name = HomeVC;
			sourceTree = "<group>";
		};
		56C4A46E1F0ABD69008E9867 /* OtherClasses */ = {
			isa = PBXGroup;
			children = (
				56C4A46C1F0ABD5C008E9867 /* Constants.swift */,
				56C4A4751F0C18E7008E9867 /* AlertHelper.swift */,
			);
			name = OtherClasses;
			sourceTree = "<group>";
		};
		56C4A46F1F0B52E8008E9867 /* RoyalAssistVC */ = {
			isa = PBXGroup;
			children = (
				56C4A4701F0B5333008E9867 /* RoyalAssistViewController.swift */,
			);
			name = RoyalAssistVC;
			sourceTree = "<group>";
		};
		56C4A4771F0C92E2008E9867 /* AboutRoyalAssistVC */ = {
			isa = PBXGroup;
			children = (
				56C4A4781F0C9319008E9867 /* AboutRoyalAssistViewController.swift */,
			);
			name = AboutRoyalAssistVC;
			sourceTree = "<group>";
		};
		56C9EDA71F0C9C6C0080A4D8 /* AccidentReportVC */ = {
			isa = PBXGroup;
			children = (
				56C9EDA81F0C9CA10080A4D8 /* AccidentReportViewController.swift */,
				56C9EDAA1F0CA52C0080A4D8 /* AccidentReportPhotoCell.swift */,
			);
			name = AccidentReportVC;
			sourceTree = "<group>";
		};
		56C9EDAC1F0CE4370080A4D8 /* AboutVC */ = {
			isa = PBXGroup;
			children = (
				56C9EDAD1F0CE4560080A4D8 /* AboutViewController.swift */,
			);
			name = AboutVC;
			sourceTree = "<group>";
		};
		56C9EDAF1F0CFAE30080A4D8 /* GoogleMapVC */ = {
			isa = PBXGroup;
			children = (
				56C9EDB01F0CFB0C0080A4D8 /* GoogleMapViewController.swift */,
			);
			name = GoogleMapVC;
			sourceTree = "<group>";
		};
		56C9EDB21F0D17480080A4D8 /* Views */ = {
			isa = PBXGroup;
			children = (
				56C9EDBD1F0F983F0080A4D8 /* BottomView */,
			);
			name = Views;
			sourceTree = "<group>";
		};
		56C9EDB51F0DEDF30080A4D8 /* CameraVC */ = {
			isa = PBXGroup;
			children = (
				56C9EDB61F0DEE120080A4D8 /* CameraViewController.swift */,
			);
			name = CameraVC;
			sourceTree = "<group>";
		};
		56C9EDBD1F0F983F0080A4D8 /* BottomView */ = {
			isa = PBXGroup;
			children = (
			);
			name = BottomView;
			sourceTree = "<group>";
		};
		6D29105286458112BA27AF68 /* Pods */ = {
			isa = PBXGroup;
			children = (
				22B0C1CCE5A67944D1419994 /* Pods-RoyalCrown.debug.xcconfig */,
				AE9BCBA24F067103ECE830A2 /* Pods-RoyalCrown.release.xcconfig */,
				F226B0EF72784D2C715AC089 /* Pods-RoyalCrownTests.debug.xcconfig */,
				B6EF5EFEB239C2815E6DE03F /* Pods-RoyalCrownTests.release.xcconfig */,
				A3BBDE6B54561FF60EAFF01A /* Pods-RoyalCrownUITests.debug.xcconfig */,
				9A4ECE6D6FE725CF77F3423B /* Pods-RoyalCrownUITests.release.xcconfig */,
			);
			name = Pods;
			sourceTree = "<group>";
		};
/* End PBXGroup section */

/* Begin PBXNativeTarget section */
		56C4A4331F0AA80D008E9867 /* RoyalCrown */ = {
			isa = PBXNativeTarget;
			buildConfigurationList = 56C4A45C1F0AA80D008E9867 /* Build configuration list for PBXNativeTarget "RoyalCrown" */;
			buildPhases = (
				09AFE7A80D0E8EB8D0EE9792 /* [CP] Check Pods Manifest.lock */,
				56C4A4301F0AA80D008E9867 /* Sources */,
				56C4A4311F0AA80D008E9867 /* Frameworks */,
				56C4A4321F0AA80D008E9867 /* Resources */,
				768B27887FD32920E32F8110 /* [CP] Embed Pods Frameworks */,
				9CDD5D3FB260439F91FF9DA3 /* [CP] Copy Pods Resources */,
			);
			buildRules = (
			);
			dependencies = (
			);
			name = RoyalCrown;
			productName = RoyalCrown;
			productReference = 56C4A4341F0AA80D008E9867 /* RoyalCrown.app */;
			productType = "com.apple.product-type.application";
		};
		56C4A4471F0AA80D008E9867 /* RoyalCrownTests */ = {
			isa = PBXNativeTarget;
			buildConfigurationList = 56C4A45F1F0AA80D008E9867 /* Build configuration list for PBXNativeTarget "RoyalCrownTests" */;
			buildPhases = (
				0A91887D0F92B1D84D584993 /* [CP] Check Pods Manifest.lock */,
				56C4A4441F0AA80D008E9867 /* Sources */,
				56C4A4451F0AA80D008E9867 /* Frameworks */,
				56C4A4461F0AA80D008E9867 /* Resources */,
				E469D96BAFBC4ED7194ED814 /* [CP] Embed Pods Frameworks */,
				F18FE19356D9ED36669F9215 /* [CP] Copy Pods Resources */,
			);
			buildRules = (
			);
			dependencies = (
				56C4A44A1F0AA80D008E9867 /* PBXTargetDependency */,
			);
			name = RoyalCrownTests;
			productName = RoyalCrownTests;
			productReference = 56C4A4481F0AA80D008E9867 /* RoyalCrownTests.xctest */;
			productType = "com.apple.product-type.bundle.unit-test";
		};
		56C4A4521F0AA80D008E9867 /* RoyalCrownUITests */ = {
			isa = PBXNativeTarget;
			buildConfigurationList = 56C4A4621F0AA80D008E9867 /* Build configuration list for PBXNativeTarget "RoyalCrownUITests" */;
			buildPhases = (
				14798B6D1EE29826948270A7 /* [CP] Check Pods Manifest.lock */,
				56C4A44F1F0AA80D008E9867 /* Sources */,
				56C4A4501F0AA80D008E9867 /* Frameworks */,
				56C4A4511F0AA80D008E9867 /* Resources */,
				EE8138A47B09520EF43C13C3 /* [CP] Embed Pods Frameworks */,
				100DD9829348B9DF1BCFCCDF /* [CP] Copy Pods Resources */,
			);
			buildRules = (
			);
			dependencies = (
				56C4A4551F0AA80D008E9867 /* PBXTargetDependency */,
			);
			name = RoyalCrownUITests;
			productName = RoyalCrownUITests;
			productReference = 56C4A4531F0AA80D008E9867 /* RoyalCrownUITests.xctest */;
			productType = "com.apple.product-type.bundle.ui-testing";
		};
/* End PBXNativeTarget section */

/* Begin PBXProject section */
		56C4A42C1F0AA80D008E9867 /* Project object */ = {
			isa = PBXProject;
			attributes = {
				LastSwiftUpdateCheck = 0820;
				LastUpgradeCheck = 0820;
				ORGANIZATIONNAME = "pasichniak maryan";
				TargetAttributes = {
					56C4A4331F0AA80D008E9867 = {
						CreatedOnToolsVersion = 8.2.1;
						DevelopmentTeam = GKNL95RU72;
						ProvisioningStyle = Automatic;
					};
					56C4A4471F0AA80D008E9867 = {
						CreatedOnToolsVersion = 8.2.1;
						DevelopmentTeam = GKNL95RU72;
						ProvisioningStyle = Automatic;
						TestTargetID = 56C4A4331F0AA80D008E9867;
					};
					56C4A4521F0AA80D008E9867 = {
						CreatedOnToolsVersion = 8.2.1;
						DevelopmentTeam = GKNL95RU72;
						ProvisioningStyle = Automatic;
						TestTargetID = 56C4A4331F0AA80D008E9867;
					};
				};
			};
			buildConfigurationList = 56C4A42F1F0AA80D008E9867 /* Build configuration list for PBXProject "RoyalCrown" */;
			compatibilityVersion = "Xcode 3.2";
			developmentRegion = English;
			hasScannedForEncodings = 0;
			knownRegions = (
				en,
				Base,
			);
			mainGroup = 56C4A42B1F0AA80D008E9867;
			productRefGroup = 56C4A4351F0AA80D008E9867 /* Products */;
			projectDirPath = "";
			projectRoot = "";
			targets = (
				56C4A4331F0AA80D008E9867 /* RoyalCrown */,
				56C4A4471F0AA80D008E9867 /* RoyalCrownTests */,
				56C4A4521F0AA80D008E9867 /* RoyalCrownUITests */,
			);
		};
/* End PBXProject section */

/* Begin PBXResourcesBuildPhase section */
		56C4A4321F0AA80D008E9867 /* Resources */ = {
			isa = PBXResourcesBuildPhase;
			buildActionMask = 2147483647;
			files = (
				56C4A4421F0AA80D008E9867 /* LaunchScreen.storyboard in Resources */,
				56C4A43F1F0AA80D008E9867 /* Assets.xcassets in Resources */,
				562540381F10B29C00C38A0C /* MainCell.xib in Resources */,
				56C4A43D1F0AA80D008E9867 /* Main.storyboard in Resources */,
				562540411F10BE0400C38A0C /* PhotoCell.xib in Resources */,
			);
			runOnlyForDeploymentPostprocessing = 0;
		};
		56C4A4461F0AA80D008E9867 /* Resources */ = {
			isa = PBXResourcesBuildPhase;
			buildActionMask = 2147483647;
			files = (
			);
			runOnlyForDeploymentPostprocessing = 0;
		};
		56C4A4511F0AA80D008E9867 /* Resources */ = {
			isa = PBXResourcesBuildPhase;
			buildActionMask = 2147483647;
			files = (
			);
			runOnlyForDeploymentPostprocessing = 0;
		};
/* End PBXResourcesBuildPhase section */

/* Begin PBXShellScriptBuildPhase section */
		09AFE7A80D0E8EB8D0EE9792 /* [CP] Check Pods Manifest.lock */ = {
			isa = PBXShellScriptBuildPhase;
			buildActionMask = 2147483647;
			files = (
			);
			inputPaths = (
			);
			name = "[CP] Check Pods Manifest.lock";
			outputPaths = (
			);
			runOnlyForDeploymentPostprocessing = 0;
			shellPath = /bin/sh;
			shellScript = "diff \"${PODS_ROOT}/../Podfile.lock\" \"${PODS_ROOT}/Manifest.lock\" > /dev/null\nif [ $? != 0 ] ; then\n    # print error to STDERR\n    echo \"error: The sandbox is not in sync with the Podfile.lock. Run 'pod install' or update your CocoaPods installation.\" >&2\n    exit 1\nfi\n";
			showEnvVarsInLog = 0;
		};
		0A91887D0F92B1D84D584993 /* [CP] Check Pods Manifest.lock */ = {
			isa = PBXShellScriptBuildPhase;
			buildActionMask = 2147483647;
			files = (
			);
			inputPaths = (
			);
			name = "[CP] Check Pods Manifest.lock";
			outputPaths = (
			);
			runOnlyForDeploymentPostprocessing = 0;
			shellPath = /bin/sh;
			shellScript = "diff \"${PODS_ROOT}/../Podfile.lock\" \"${PODS_ROOT}/Manifest.lock\" > /dev/null\nif [ $? != 0 ] ; then\n    # print error to STDERR\n    echo \"error: The sandbox is not in sync with the Podfile.lock. Run 'pod install' or update your CocoaPods installation.\" >&2\n    exit 1\nfi\n";
			showEnvVarsInLog = 0;
		};
		100DD9829348B9DF1BCFCCDF /* [CP] Copy Pods Resources */ = {
			isa = PBXShellScriptBuildPhase;
			buildActionMask = 2147483647;
			files = (
			);
			inputPaths = (
			);
			name = "[CP] Copy Pods Resources";
			outputPaths = (
			);
			runOnlyForDeploymentPostprocessing = 0;
			shellPath = /bin/sh;
			shellScript = "\"${SRCROOT}/Pods/Target Support Files/Pods-RoyalCrownUITests/Pods-RoyalCrownUITests-resources.sh\"\n";
			showEnvVarsInLog = 0;
		};
		14798B6D1EE29826948270A7 /* [CP] Check Pods Manifest.lock */ = {
			isa = PBXShellScriptBuildPhase;
			buildActionMask = 2147483647;
			files = (
			);
			inputPaths = (
			);
			name = "[CP] Check Pods Manifest.lock";
			outputPaths = (
			);
			runOnlyForDeploymentPostprocessing = 0;
			shellPath = /bin/sh;
			shellScript = "diff \"${PODS_ROOT}/../Podfile.lock\" \"${PODS_ROOT}/Manifest.lock\" > /dev/null\nif [ $? != 0 ] ; then\n    # print error to STDERR\n    echo \"error: The sandbox is not in sync with the Podfile.lock. Run 'pod install' or update your CocoaPods installation.\" >&2\n    exit 1\nfi\n";
			showEnvVarsInLog = 0;
		};
		768B27887FD32920E32F8110 /* [CP] Embed Pods Frameworks */ = {
			isa = PBXShellScriptBuildPhase;
			buildActionMask = 2147483647;
			files = (
			);
			inputPaths = (
			);
			name = "[CP] Embed Pods Frameworks";
			outputPaths = (
			);
			runOnlyForDeploymentPostprocessing = 0;
			shellPath = /bin/sh;
			shellScript = "\"${SRCROOT}/Pods/Target Support Files/Pods-RoyalCrown/Pods-RoyalCrown-frameworks.sh\"\n";
			showEnvVarsInLog = 0;
		};
		9CDD5D3FB260439F91FF9DA3 /* [CP] Copy Pods Resources */ = {
			isa = PBXShellScriptBuildPhase;
			buildActionMask = 2147483647;
			files = (
			);
			inputPaths = (
			);
			name = "[CP] Copy Pods Resources";
			outputPaths = (
			);
			runOnlyForDeploymentPostprocessing = 0;
			shellPath = /bin/sh;
			shellScript = "\"${SRCROOT}/Pods/Target Support Files/Pods-RoyalCrown/Pods-RoyalCrown-resources.sh\"\n";
			showEnvVarsInLog = 0;
		};
		E469D96BAFBC4ED7194ED814 /* [CP] Embed Pods Frameworks */ = {
			isa = PBXShellScriptBuildPhase;
			buildActionMask = 2147483647;
			files = (
			);
			inputPaths = (
			);
			name = "[CP] Embed Pods Frameworks";
			outputPaths = (
			);
			runOnlyForDeploymentPostprocessing = 0;
			shellPath = /bin/sh;
			shellScript = "\"${SRCROOT}/Pods/Target Support Files/Pods-RoyalCrownTests/Pods-RoyalCrownTests-frameworks.sh\"\n";
			showEnvVarsInLog = 0;
		};
		EE8138A47B09520EF43C13C3 /* [CP] Embed Pods Frameworks */ = {
			isa = PBXShellScriptBuildPhase;
			buildActionMask = 2147483647;
			files = (
			);
			inputPaths = (
			);
			name = "[CP] Embed Pods Frameworks";
			outputPaths = (
			);
			runOnlyForDeploymentPostprocessing = 0;
			shellPath = /bin/sh;
			shellScript = "\"${SRCROOT}/Pods/Target Support Files/Pods-RoyalCrownUITests/Pods-RoyalCrownUITests-frameworks.sh\"\n";
			showEnvVarsInLog = 0;
		};
		F18FE19356D9ED36669F9215 /* [CP] Copy Pods Resources */ = {
			isa = PBXShellScriptBuildPhase;
			buildActionMask = 2147483647;
			files = (
			);
			inputPaths = (
			);
			name = "[CP] Copy Pods Resources";
			outputPaths = (
			);
			runOnlyForDeploymentPostprocessing = 0;
			shellPath = /bin/sh;
			shellScript = "\"${SRCROOT}/Pods/Target Support Files/Pods-RoyalCrownTests/Pods-RoyalCrownTests-resources.sh\"\n";
			showEnvVarsInLog = 0;
		};
/* End PBXShellScriptBuildPhase section */

/* Begin PBXSourcesBuildPhase section */
		56C4A4301F0AA80D008E9867 /* Sources */ = {
			isa = PBXSourcesBuildPhase;
			buildActionMask = 2147483647;
			files = (
				56C4A4791F0C9319008E9867 /* AboutRoyalAssistViewController.swift in Sources */,
				56C4A4761F0C18E7008E9867 /* AlertHelper.swift in Sources */,
				56C4A4711F0B5333008E9867 /* RoyalAssistViewController.swift in Sources */,
				56C9EDB71F0DEE120080A4D8 /* CameraViewController.swift in Sources */,
				56C9EDAB1F0CA52C0080A4D8 /* AccidentReportPhotoCell.swift in Sources */,
				562540371F10B29C00C38A0C /* MainCell.swift in Sources */,
				562540401F10BE0400C38A0C /* PhotoCell.swift in Sources */,
				56C4A4381F0AA80D008E9867 /* AppDelegate.swift in Sources */,
				56C4A46D1F0ABD5C008E9867 /* Constants.swift in Sources */,
				56C4A4661F0AACE3008E9867 /* HomeScreenViewController.swift in Sources */,
				56C9EDAE1F0CE4560080A4D8 /* AboutViewController.swift in Sources */,
				56C9EDB11F0CFB0C0080A4D8 /* GoogleMapViewController.swift in Sources */,
				56C9EDA91F0C9CA10080A4D8 /* AccidentReportViewController.swift in Sources */,
			);
			runOnlyForDeploymentPostprocessing = 0;
		};
		56C4A4441F0AA80D008E9867 /* Sources */ = {
			isa = PBXSourcesBuildPhase;
			buildActionMask = 2147483647;
			files = (
				56C4A44D1F0AA80D008E9867 /* RoyalCrownTests.swift in Sources */,
			);
			runOnlyForDeploymentPostprocessing = 0;
		};
		56C4A44F1F0AA80D008E9867 /* Sources */ = {
			isa = PBXSourcesBuildPhase;
			buildActionMask = 2147483647;
			files = (
				56C4A4581F0AA80D008E9867 /* RoyalCrownUITests.swift in Sources */,
			);
			runOnlyForDeploymentPostprocessing = 0;
		};
/* End PBXSourcesBuildPhase section */

/* Begin PBXTargetDependency section */
		56C4A44A1F0AA80D008E9867 /* PBXTargetDependency */ = {
			isa = PBXTargetDependency;
			target = 56C4A4331F0AA80D008E9867 /* RoyalCrown */;
			targetProxy = 56C4A4491F0AA80D008E9867 /* PBXContainerItemProxy */;
		};
		56C4A4551F0AA80D008E9867 /* PBXTargetDependency */ = {
			isa = PBXTargetDependency;
			target = 56C4A4331F0AA80D008E9867 /* RoyalCrown */;
			targetProxy = 56C4A4541F0AA80D008E9867 /* PBXContainerItemProxy */;
		};
/* End PBXTargetDependency section */

/* Begin PBXVariantGroup section */
		56C4A43B1F0AA80D008E9867 /* Main.storyboard */ = {
			isa = PBXVariantGroup;
			children = (
				56C4A43C1F0AA80D008E9867 /* Base */,
			);
			name = Main.storyboard;
			sourceTree = "<group>";
		};
		56C4A4401F0AA80D008E9867 /* LaunchScreen.storyboard */ = {
			isa = PBXVariantGroup;
			children = (
				56C4A4411F0AA80D008E9867 /* Base */,
			);
			name = LaunchScreen.storyboard;
			sourceTree = "<group>";
		};
/* End PBXVariantGroup section */

/* Begin XCBuildConfiguration section */
		56C4A45A1F0AA80D008E9867 /* Debug */ = {
			isa = XCBuildConfiguration;
			buildSettings = {
				ALWAYS_SEARCH_USER_PATHS = NO;
				CLANG_ANALYZER_NONNULL = YES;
				CLANG_CXX_LANGUAGE_STANDARD = "gnu++0x";
				CLANG_CXX_LIBRARY = "libc++";
				CLANG_ENABLE_MODULES = YES;
				CLANG_ENABLE_OBJC_ARC = YES;
				CLANG_WARN_BOOL_CONVERSION = YES;
				CLANG_WARN_CONSTANT_CONVERSION = YES;
				CLANG_WARN_DIRECT_OBJC_ISA_USAGE = YES_ERROR;
				CLANG_WARN_DOCUMENTATION_COMMENTS = YES;
				CLANG_WARN_EMPTY_BODY = YES;
				CLANG_WARN_ENUM_CONVERSION = YES;
				CLANG_WARN_INFINITE_RECURSION = YES;
				CLANG_WARN_INT_CONVERSION = YES;
				CLANG_WARN_OBJC_ROOT_CLASS = YES_ERROR;
				CLANG_WARN_SUSPICIOUS_MOVE = YES;
				CLANG_WARN_UNREACHABLE_CODE = YES;
				CLANG_WARN__DUPLICATE_METHOD_MATCH = YES;
				"CODE_SIGN_IDENTITY[sdk=iphoneos*]" = "iPhone Developer";
				COPY_PHASE_STRIP = NO;
				DEBUG_INFORMATION_FORMAT = dwarf;
				ENABLE_STRICT_OBJC_MSGSEND = YES;
				ENABLE_TESTABILITY = YES;
				GCC_C_LANGUAGE_STANDARD = gnu99;
				GCC_DYNAMIC_NO_PIC = NO;
				GCC_NO_COMMON_BLOCKS = YES;
				GCC_OPTIMIZATION_LEVEL = 0;
				GCC_PREPROCESSOR_DEFINITIONS = (
					"DEBUG=1",
					"$(inherited)",
				);
				GCC_WARN_64_TO_32_BIT_CONVERSION = YES;
				GCC_WARN_ABOUT_RETURN_TYPE = YES_ERROR;
				GCC_WARN_UNDECLARED_SELECTOR = YES;
				GCC_WARN_UNINITIALIZED_AUTOS = YES_AGGRESSIVE;
				GCC_WARN_UNUSED_FUNCTION = YES;
				GCC_WARN_UNUSED_VARIABLE = YES;
				IPHONEOS_DEPLOYMENT_TARGET = 10.2;
				MTL_ENABLE_DEBUG_INFO = YES;
				ONLY_ACTIVE_ARCH = YES;
				SDKROOT = iphoneos;
				SWIFT_ACTIVE_COMPILATION_CONDITIONS = DEBUG;
				SWIFT_OPTIMIZATION_LEVEL = "-Onone";
				TARGETED_DEVICE_FAMILY = "1,2";
			};
			name = Debug;
		};
		56C4A45B1F0AA80D008E9867 /* Release */ = {
			isa = XCBuildConfiguration;
			buildSettings = {
				ALWAYS_SEARCH_USER_PATHS = NO;
				CLANG_ANALYZER_NONNULL = YES;
				CLANG_CXX_LANGUAGE_STANDARD = "gnu++0x";
				CLANG_CXX_LIBRARY = "libc++";
				CLANG_ENABLE_MODULES = YES;
				CLANG_ENABLE_OBJC_ARC = YES;
				CLANG_WARN_BOOL_CONVERSION = YES;
				CLANG_WARN_CONSTANT_CONVERSION = YES;
				CLANG_WARN_DIRECT_OBJC_ISA_USAGE = YES_ERROR;
				CLANG_WARN_DOCUMENTATION_COMMENTS = YES;
				CLANG_WARN_EMPTY_BODY = YES;
				CLANG_WARN_ENUM_CONVERSION = YES;
				CLANG_WARN_INFINITE_RECURSION = YES;
				CLANG_WARN_INT_CONVERSION = YES;
				CLANG_WARN_OBJC_ROOT_CLASS = YES_ERROR;
				CLANG_WARN_SUSPICIOUS_MOVE = YES;
				CLANG_WARN_UNREACHABLE_CODE = YES;
				CLANG_WARN__DUPLICATE_METHOD_MATCH = YES;
				"CODE_SIGN_IDENTITY[sdk=iphoneos*]" = "iPhone Developer";
				COPY_PHASE_STRIP = NO;
				DEBUG_INFORMATION_FORMAT = "dwarf-with-dsym";
				ENABLE_NS_ASSERTIONS = NO;
				ENABLE_STRICT_OBJC_MSGSEND = YES;
				GCC_C_LANGUAGE_STANDARD = gnu99;
				GCC_NO_COMMON_BLOCKS = YES;
				GCC_WARN_64_TO_32_BIT_CONVERSION = YES;
				GCC_WARN_ABOUT_RETURN_TYPE = YES_ERROR;
				GCC_WARN_UNDECLARED_SELECTOR = YES;
				GCC_WARN_UNINITIALIZED_AUTOS = YES_AGGRESSIVE;
				GCC_WARN_UNUSED_FUNCTION = YES;
				GCC_WARN_UNUSED_VARIABLE = YES;
				IPHONEOS_DEPLOYMENT_TARGET = 10.2;
				MTL_ENABLE_DEBUG_INFO = NO;
				SDKROOT = iphoneos;
				SWIFT_OPTIMIZATION_LEVEL = "-Owholemodule";
				TARGETED_DEVICE_FAMILY = "1,2";
				VALIDATE_PRODUCT = YES;
			};
			name = Release;
		};
		56C4A45D1F0AA80D008E9867 /* Debug */ = {
			isa = XCBuildConfiguration;
			baseConfigurationReference = 22B0C1CCE5A67944D1419994 /* Pods-RoyalCrown.debug.xcconfig */;
			buildSettings = {
				ASSETCATALOG_COMPILER_APPICON_NAME = AppIcon;
				DEVELOPMENT_TEAM = GKNL95RU72;
				INFOPLIST_FILE = RoyalCrown/Info.plist;
				IPHONEOS_DEPLOYMENT_TARGET = 10.2;
				LD_RUNPATH_SEARCH_PATHS = "$(inherited) @executable_path/Frameworks";
				PRODUCT_BUNDLE_IDENTIFIER = mp.RoyalCrown;
				PRODUCT_NAME = "$(TARGET_NAME)";
				SWIFT_VERSION = 3.0;
			};
			name = Debug;
		};
		56C4A45E1F0AA80D008E9867 /* Release */ = {
			isa = XCBuildConfiguration;
			baseConfigurationReference = AE9BCBA24F067103ECE830A2 /* Pods-RoyalCrown.release.xcconfig */;
			buildSettings = {
				ASSETCATALOG_COMPILER_APPICON_NAME = AppIcon;
				DEVELOPMENT_TEAM = GKNL95RU72;
				INFOPLIST_FILE = RoyalCrown/Info.plist;
				IPHONEOS_DEPLOYMENT_TARGET = 10.2;
				LD_RUNPATH_SEARCH_PATHS = "$(inherited) @executable_path/Frameworks";
				PRODUCT_BUNDLE_IDENTIFIER = mp.RoyalCrown;
				PRODUCT_NAME = "$(TARGET_NAME)";
				SWIFT_VERSION = 3.0;
			};
			name = Release;
		};
		56C4A4601F0AA80D008E9867 /* Debug */ = {
			isa = XCBuildConfiguration;
			baseConfigurationReference = F226B0EF72784D2C715AC089 /* Pods-RoyalCrownTests.debug.xcconfig */;
			buildSettings = {
				ALWAYS_EMBED_SWIFT_STANDARD_LIBRARIES = YES;
				BUNDLE_LOADER = "$(TEST_HOST)";
				DEVELOPMENT_TEAM = GKNL95RU72;
				INFOPLIST_FILE = RoyalCrownTests/Info.plist;
				LD_RUNPATH_SEARCH_PATHS = "$(inherited) @executable_path/Frameworks @loader_path/Frameworks";
				PRODUCT_BUNDLE_IDENTIFIER = mp.RoyalCrownTests;
				PRODUCT_NAME = "$(TARGET_NAME)";
				SWIFT_VERSION = 3.0;
				TEST_HOST = "$(BUILT_PRODUCTS_DIR)/RoyalCrown.app/RoyalCrown";
			};
			name = Debug;
		};
		56C4A4611F0AA80D008E9867 /* Release */ = {
			isa = XCBuildConfiguration;
			baseConfigurationReference = B6EF5EFEB239C2815E6DE03F /* Pods-RoyalCrownTests.release.xcconfig */;
			buildSettings = {
				ALWAYS_EMBED_SWIFT_STANDARD_LIBRARIES = YES;
				BUNDLE_LOADER = "$(TEST_HOST)";
				DEVELOPMENT_TEAM = GKNL95RU72;
				INFOPLIST_FILE = RoyalCrownTests/Info.plist;
				LD_RUNPATH_SEARCH_PATHS = "$(inherited) @executable_path/Frameworks @loader_path/Frameworks";
				PRODUCT_BUNDLE_IDENTIFIER = mp.RoyalCrownTests;
				PRODUCT_NAME = "$(TARGET_NAME)";
				SWIFT_VERSION = 3.0;
				TEST_HOST = "$(BUILT_PRODUCTS_DIR)/RoyalCrown.app/RoyalCrown";
			};
			name = Release;
		};
		56C4A4631F0AA80D008E9867 /* Debug */ = {
			isa = XCBuildConfiguration;
			baseConfigurationReference = A3BBDE6B54561FF60EAFF01A /* Pods-RoyalCrownUITests.debug.xcconfig */;
			buildSettings = {
				ALWAYS_EMBED_SWIFT_STANDARD_LIBRARIES = YES;
				DEVELOPMENT_TEAM = GKNL95RU72;
				INFOPLIST_FILE = RoyalCrownUITests/Info.plist;
				LD_RUNPATH_SEARCH_PATHS = "$(inherited) @executable_path/Frameworks @loader_path/Frameworks";
				PRODUCT_BUNDLE_IDENTIFIER = mp.RoyalCrownUITests;
				PRODUCT_NAME = "$(TARGET_NAME)";
				SWIFT_VERSION = 3.0;
				TEST_TARGET_NAME = RoyalCrown;
			};
			name = Debug;
		};
		56C4A4641F0AA80D008E9867 /* Release */ = {
			isa = XCBuildConfiguration;
			baseConfigurationReference = 9A4ECE6D6FE725CF77F3423B /* Pods-RoyalCrownUITests.release.xcconfig */;
			buildSettings = {
				ALWAYS_EMBED_SWIFT_STANDARD_LIBRARIES = YES;
				DEVELOPMENT_TEAM = GKNL95RU72;
				INFOPLIST_FILE = RoyalCrownUITests/Info.plist;
				LD_RUNPATH_SEARCH_PATHS = "$(inherited) @executable_path/Frameworks @loader_path/Frameworks";
				PRODUCT_BUNDLE_IDENTIFIER = mp.RoyalCrownUITests;
				PRODUCT_NAME = "$(TARGET_NAME)";
				SWIFT_VERSION = 3.0;
				TEST_TARGET_NAME = RoyalCrown;
			};
			name = Release;
		};
/* End XCBuildConfiguration section */

/* Begin XCConfigurationList section */
		56C4A42F1F0AA80D008E9867 /* Build configuration list for PBXProject "RoyalCrown" */ = {
			isa = XCConfigurationList;
			buildConfigurations = (
				56C4A45A1F0AA80D008E9867 /* Debug */,
				56C4A45B1F0AA80D008E9867 /* Release */,
			);
			defaultConfigurationIsVisible = 0;
			defaultConfigurationName = Release;
		};
		56C4A45C1F0AA80D008E9867 /* Build configuration list for PBXNativeTarget "RoyalCrown" */ = {
			isa = XCConfigurationList;
			buildConfigurations = (
				56C4A45D1F0AA80D008E9867 /* Debug */,
				56C4A45E1F0AA80D008E9867 /* Release */,
			);
			defaultConfigurationIsVisible = 0;
			defaultConfigurationName = Release;
		};
		56C4A45F1F0AA80D008E9867 /* Build configuration list for PBXNativeTarget "RoyalCrownTests" */ = {
			isa = XCConfigurationList;
			buildConfigurations = (
				56C4A4601F0AA80D008E9867 /* Debug */,
				56C4A4611F0AA80D008E9867 /* Release */,
			);
			defaultConfigurationIsVisible = 0;
			defaultConfigurationName = Release;
		};
		56C4A4621F0AA80D008E9867 /* Build configuration list for PBXNativeTarget "RoyalCrownUITests" */ = {
			isa = XCConfigurationList;
			buildConfigurations = (
				56C4A4631F0AA80D008E9867 /* Debug */,
				56C4A4641F0AA80D008E9867 /* Release */,
			);
			defaultConfigurationIsVisible = 0;
			defaultConfigurationName = Release;
		};
/* End XCConfigurationList section */
	};
	rootObject = 56C4A42C1F0AA80D008E9867 /* Project object */;
}
